// !$*UTF8*$!
{
	archiveVersion = 1;
	classes = {
	};
	objectVersion = 55;
	objects = {

/* Begin PBXBuildFile section */
		43F2DFAA28FDA08900763A02 /* AppDelegate.swift in Sources */ = {isa = PBXBuildFile; fileRef = 43F2DFA928FDA08900763A02 /* AppDelegate.swift */; };
		43F2DFAC28FDA08900763A02 /* SceneDelegate.swift in Sources */ = {isa = PBXBuildFile; fileRef = 43F2DFAB28FDA08900763A02 /* SceneDelegate.swift */; };
		43F2DFAE28FDA08900763A02 /* ViewController.swift in Sources */ = {isa = PBXBuildFile; fileRef = 43F2DFAD28FDA08900763A02 /* ViewController.swift */; };
		43F2DFB128FDA08900763A02 /* Main.storyboard in Resources */ = {isa = PBXBuildFile; fileRef = 43F2DFAF28FDA08900763A02 /* Main.storyboard */; };
		43F2DFB328FDA08900763A02 /* Assets.xcassets in Resources */ = {isa = PBXBuildFile; fileRef = 43F2DFB228FDA08900763A02 /* Assets.xcassets */; };
		43F2DFB628FDA08900763A02 /* LaunchScreen.storyboard in Resources */ = {isa = PBXBuildFile; fileRef = 43F2DFB428FDA08900763A02 /* LaunchScreen.storyboard */; };
		43F2DFC128FDA08900763A02 /* GCHS_For_Students_APPTests.swift in Sources */ = {isa = PBXBuildFile; fileRef = 43F2DFC028FDA08900763A02 /* GCHS_For_Students_APPTests.swift */; };
		43F2DFCB28FDA08900763A02 /* GCHS_For_Students_APPUITests.swift in Sources */ = {isa = PBXBuildFile; fileRef = 43F2DFCA28FDA08900763A02 /* GCHS_For_Students_APPUITests.swift */; };
		43F2DFCD28FDA08900763A02 /* GCHS_For_Students_APPUITestsLaunchTests.swift in Sources */ = {isa = PBXBuildFile; fileRef = 43F2DFCC28FDA08900763A02 /* GCHS_For_Students_APPUITestsLaunchTests.swift */; };
/* End PBXBuildFile section */

/* Begin PBXContainerItemProxy section */
		43F2DFBD28FDA08900763A02 /* PBXContainerItemProxy */ = {
			isa = PBXContainerItemProxy;
			containerPortal = 43F2DF9E28FDA08900763A02 /* Project object */;
			proxyType = 1;
			remoteGlobalIDString = 43F2DFA528FDA08900763A02;
			remoteInfo = "GCHS For Students APP";
		};
		43F2DFC728FDA08900763A02 /* PBXContainerItemProxy */ = {
			isa = PBXContainerItemProxy;
			containerPortal = 43F2DF9E28FDA08900763A02 /* Project object */;
			proxyType = 1;
			remoteGlobalIDString = 43F2DFA528FDA08900763A02;
			remoteInfo = "GCHS For Students APP";
		};
/* End PBXContainerItemProxy section */

/* Begin PBXFileReference section */
		43F2DFA628FDA08900763A02 /* GCHS For Students APP.app */ = {isa = PBXFileReference; explicitFileType = wrapper.application; includeInIndex = 0; path = "GCHS For Students APP.app"; sourceTree = BUILT_PRODUCTS_DIR; };
		43F2DFA928FDA08900763A02 /* AppDelegate.swift */ = {isa = PBXFileReference; lastKnownFileType = sourcecode.swift; path = AppDelegate.swift; sourceTree = "<group>"; };
		43F2DFAB28FDA08900763A02 /* SceneDelegate.swift */ = {isa = PBXFileReference; lastKnownFileType = sourcecode.swift; path = SceneDelegate.swift; sourceTree = "<group>"; };
		43F2DFAD28FDA08900763A02 /* ViewController.swift */ = {isa = PBXFileReference; lastKnownFileType = sourcecode.swift; path = ViewController.swift; sourceTree = "<group>"; };
		43F2DFB028FDA08900763A02 /* Base */ = {isa = PBXFileReference; lastKnownFileType = file.storyboard; name = Base; path = Base.lproj/Main.storyboard; sourceTree = "<group>"; };
		43F2DFB228FDA08900763A02 /* Assets.xcassets */ = {isa = PBXFileReference; lastKnownFileType = folder.assetcatalog; path = Assets.xcassets; sourceTree = "<group>"; };
		43F2DFB528FDA08900763A02 /* Base */ = {isa = PBXFileReference; lastKnownFileType = file.storyboard; name = Base; path = Base.lproj/LaunchScreen.storyboard; sourceTree = "<group>"; };
		43F2DFB728FDA08900763A02 /* Info.plist */ = {isa = PBXFileReference; lastKnownFileType = text.plist.xml; path = Info.plist; sourceTree = "<group>"; };
		43F2DFBC28FDA08900763A02 /* GCHS For Students APPTests.xctest */ = {isa = PBXFileReference; explicitFileType = wrapper.cfbundle; includeInIndex = 0; path = "GCHS For Students APPTests.xctest"; sourceTree = BUILT_PRODUCTS_DIR; };
		43F2DFC028FDA08900763A02 /* GCHS_For_Students_APPTests.swift */ = {isa = PBXFileReference; lastKnownFileType = sourcecode.swift; path = GCHS_For_Students_APPTests.swift; sourceTree = "<group>"; };
		43F2DFC628FDA08900763A02 /* GCHS For Students APPUITests.xctest */ = {isa = PBXFileReference; explicitFileType = wrapper.cfbundle; includeInIndex = 0; path = "GCHS For Students APPUITests.xctest"; sourceTree = BUILT_PRODUCTS_DIR; };
		43F2DFCA28FDA08900763A02 /* GCHS_For_Students_APPUITests.swift */ = {isa = PBXFileReference; lastKnownFileType = sourcecode.swift; path = GCHS_For_Students_APPUITests.swift; sourceTree = "<group>"; };
		43F2DFCC28FDA08900763A02 /* GCHS_For_Students_APPUITestsLaunchTests.swift */ = {isa = PBXFileReference; lastKnownFileType = sourcecode.swift; path = GCHS_For_Students_APPUITestsLaunchTests.swift; sourceTree = "<group>"; };
/* End PBXFileReference section */

/* Begin PBXFrameworksBuildPhase section */
		43F2DFA328FDA08900763A02 /* Frameworks */ = {
			isa = PBXFrameworksBuildPhase;
			buildActionMask = 2147483647;
			files = (
			);
			runOnlyForDeploymentPostprocessing = 0;
		};
		43F2DFB928FDA08900763A02 /* Frameworks */ = {
			isa = PBXFrameworksBuildPhase;
			buildActionMask = 2147483647;
			files = (
			);
			runOnlyForDeploymentPostprocessing = 0;
		};
		43F2DFC328FDA08900763A02 /* Frameworks */ = {
			isa = PBXFrameworksBuildPhase;
			buildActionMask = 2147483647;
			files = (
			);
			runOnlyForDeploymentPostprocessing = 0;
		};
/* End PBXFrameworksBuildPhase section */

/* Begin PBXGroup section */
		43F2DF9D28FDA08900763A02 = {
			isa = PBXGroup;
			children = (
				43F2DFA828FDA08900763A02 /* GCHS For Students APP */,
				43F2DFBF28FDA08900763A02 /* GCHS For Students APPTests */,
				43F2DFC928FDA08900763A02 /* GCHS For Students APPUITests */,
				43F2DFA728FDA08900763A02 /* Products */,
			);
			sourceTree = "<group>";
		};
		43F2DFA728FDA08900763A02 /* Products */ = {
			isa = PBXGroup;
			children = (
				43F2DFA628FDA08900763A02 /* GCHS For Students APP.app */,
				43F2DFBC28FDA08900763A02 /* GCHS For Students APPTests.xctest */,
				43F2DFC628FDA08900763A02 /* GCHS For Students APPUITests.xctest */,
			);
			name = Products;
			sourceTree = "<group>";
		};
		43F2DFA828FDA08900763A02 /* GCHS For Students APP */ = {
			isa = PBXGroup;
			children = (
				43F2DFA928FDA08900763A02 /* AppDelegate.swift */,
				43F2DFAB28FDA08900763A02 /* SceneDelegate.swift */,
				43F2DFAD28FDA08900763A02 /* ViewController.swift */,
				43F2DFAF28FDA08900763A02 /* Main.storyboard */,
				43F2DFB228FDA08900763A02 /* Assets.xcassets */,
				43F2DFB428FDA08900763A02 /* LaunchScreen.storyboard */,
				43F2DFB728FDA08900763A02 /* Info.plist */,
			);
			path = "GCHS For Students APP";
			sourceTree = "<group>";
		};
		43F2DFBF28FDA08900763A02 /* GCHS For Students APPTests */ = {
			isa = PBXGroup;
			children = (
				43F2DFC028FDA08900763A02 /* GCHS_For_Students_APPTests.swift */,
			);
			path = "GCHS For Students APPTests";
			sourceTree = "<group>";
		};
		43F2DFC928FDA08900763A02 /* GCHS For Students APPUITests */ = {
			isa = PBXGroup;
			children = (
				43F2DFCA28FDA08900763A02 /* GCHS_For_Students_APPUITests.swift */,
				43F2DFCC28FDA08900763A02 /* GCHS_For_Students_APPUITestsLaunchTests.swift */,
			);
			path = "GCHS For Students APPUITests";
			sourceTree = "<group>";
		};
/* End PBXGroup section */

/* Begin PBXNativeTarget section */
		43F2DFA528FDA08900763A02 /* GCHS For Students APP */ = {
			isa = PBXNativeTarget;
			buildConfigurationList = 43F2DFD028FDA08900763A02 /* Build configuration list for PBXNativeTarget "GCHS For Students APP" */;
			buildPhases = (
				43F2DFA228FDA08900763A02 /* Sources */,
				43F2DFA328FDA08900763A02 /* Frameworks */,
				43F2DFA428FDA08900763A02 /* Resources */,
			);
			buildRules = (
			);
			dependencies = (
			);
			name = "GCHS For Students APP";
			productName = "GCHS For Students APP";
			productReference = 43F2DFA628FDA08900763A02 /* GCHS For Students APP.app */;
			productType = "com.apple.product-type.application";
		};
		43F2DFBB28FDA08900763A02 /* GCHS For Students APPTests */ = {
			isa = PBXNativeTarget;
			buildConfigurationList = 43F2DFD328FDA08900763A02 /* Build configuration list for PBXNativeTarget "GCHS For Students APPTests" */;
			buildPhases = (
				43F2DFB828FDA08900763A02 /* Sources */,
				43F2DFB928FDA08900763A02 /* Frameworks */,
				43F2DFBA28FDA08900763A02 /* Resources */,
			);
			buildRules = (
			);
			dependencies = (
				43F2DFBE28FDA08900763A02 /* PBXTargetDependency */,
			);
			name = "GCHS For Students APPTests";
			productName = "GCHS For Students APPTests";
			productReference = 43F2DFBC28FDA08900763A02 /* GCHS For Students APPTests.xctest */;
			productType = "com.apple.product-type.bundle.unit-test";
		};
		43F2DFC528FDA08900763A02 /* GCHS For Students APPUITests */ = {
			isa = PBXNativeTarget;
			buildConfigurationList = 43F2DFD628FDA08900763A02 /* Build configuration list for PBXNativeTarget "GCHS For Students APPUITests" */;
			buildPhases = (
				43F2DFC228FDA08900763A02 /* Sources */,
				43F2DFC328FDA08900763A02 /* Frameworks */,
				43F2DFC428FDA08900763A02 /* Resources */,
			);
			buildRules = (
			);
			dependencies = (
				43F2DFC828FDA08900763A02 /* PBXTargetDependency */,
			);
			name = "GCHS For Students APPUITests";
			productName = "GCHS For Students APPUITests";
			productReference = 43F2DFC628FDA08900763A02 /* GCHS For Students APPUITests.xctest */;
			productType = "com.apple.product-type.bundle.ui-testing";
		};
/* End PBXNativeTarget section */

/* Begin PBXProject section */
		43F2DF9E28FDA08900763A02 /* Project object */ = {
			isa = PBXProject;
			attributes = {
				BuildIndependentTargetsInParallel = 1;
				LastSwiftUpdateCheck = 1340;
				LastUpgradeCheck = 1340;
				TargetAttributes = {
					43F2DFA528FDA08900763A02 = {
						CreatedOnToolsVersion = 13.4.1;
					};
					43F2DFBB28FDA08900763A02 = {
						CreatedOnToolsVersion = 13.4.1;
						TestTargetID = 43F2DFA528FDA08900763A02;
					};
					43F2DFC528FDA08900763A02 = {
						CreatedOnToolsVersion = 13.4.1;
						TestTargetID = 43F2DFA528FDA08900763A02;
					};
				};
			};
			buildConfigurationList = 43F2DFA128FDA08900763A02 /* Build configuration list for PBXProject "GCHS For Students APP" */;
			compatibilityVersion = "Xcode 13.0";
			developmentRegion = en;
			hasScannedForEncodings = 0;
			knownRegions = (
				en,
				Base,
			);
			mainGroup = 43F2DF9D28FDA08900763A02;
			productRefGroup = 43F2DFA728FDA08900763A02 /* Products */;
			projectDirPath = "";
			projectRoot = "";
			targets = (
				43F2DFA528FDA08900763A02 /* GCHS For Students APP */,
				43F2DFBB28FDA08900763A02 /* GCHS For Students APPTests */,
				43F2DFC528FDA08900763A02 /* GCHS For Students APPUITests */,
			);
		};
/* End PBXProject section */

/* Begin PBXResourcesBuildPhase section */
		43F2DFA428FDA08900763A02 /* Resources */ = {
			isa = PBXResourcesBuildPhase;
			buildActionMask = 2147483647;
			files = (
				43F2DFB628FDA08900763A02 /* LaunchScreen.storyboard in Resources */,
				43F2DFB328FDA08900763A02 /* Assets.xcassets in Resources */,
				43F2DFB128FDA08900763A02 /* Main.storyboard in Resources */,
			);
			runOnlyForDeploymentPostprocessing = 0;
		};
		43F2DFBA28FDA08900763A02 /* Resources */ = {
			isa = PBXResourcesBuildPhase;
			buildActionMask = 2147483647;
			files = (
			);
			runOnlyForDeploymentPostprocessing = 0;
		};
		43F2DFC428FDA08900763A02 /* Resources */ = {
			isa = PBXResourcesBuildPhase;
			buildActionMask = 2147483647;
			files = (
			);
			runOnlyForDeploymentPostprocessing = 0;
		};
/* End PBXResourcesBuildPhase section */

/* Begin PBXSourcesBuildPhase section */
		43F2DFA228FDA08900763A02 /* Sources */ = {
			isa = PBXSourcesBuildPhase;
			buildActionMask = 2147483647;
			files = (
				43F2DFAE28FDA08900763A02 /* ViewController.swift in Sources */,
				43F2DFAA28FDA08900763A02 /* AppDelegate.swift in Sources */,
				43F2DFAC28FDA08900763A02 /* SceneDelegate.swift in Sources */,
			);
			runOnlyForDeploymentPostprocessing = 0;
		};
		43F2DFB828FDA08900763A02 /* Sources */ = {
			isa = PBXSourcesBuildPhase;
			buildActionMask = 2147483647;
			files = (
				43F2DFC128FDA08900763A02 /* GCHS_For_Students_APPTests.swift in Sources */,
			);
			runOnlyForDeploymentPostprocessing = 0;
		};
		43F2DFC228FDA08900763A02 /* Sources */ = {
			isa = PBXSourcesBuildPhase;
			buildActionMask = 2147483647;
			files = (
				43F2DFCB28FDA08900763A02 /* GCHS_For_Students_APPUITests.swift in Sources */,
				43F2DFCD28FDA08900763A02 /* GCHS_For_Students_APPUITestsLaunchTests.swift in Sources */,
			);
			runOnlyForDeploymentPostprocessing = 0;
		};
/* End PBXSourcesBuildPhase section */

/* Begin PBXTargetDependency section */
		43F2DFBE28FDA08900763A02 /* PBXTargetDependency */ = {
			isa = PBXTargetDependency;
			target = 43F2DFA528FDA08900763A02 /* GCHS For Students APP */;
			targetProxy = 43F2DFBD28FDA08900763A02 /* PBXContainerItemProxy */;
		};
		43F2DFC828FDA08900763A02 /* PBXTargetDependency */ = {
			isa = PBXTargetDependency;
			target = 43F2DFA528FDA08900763A02 /* GCHS For Students APP */;
			targetProxy = 43F2DFC728FDA08900763A02 /* PBXContainerItemProxy */;
		};
/* End PBXTargetDependency section */

/* Begin PBXVariantGroup section */
		43F2DFAF28FDA08900763A02 /* Main.storyboard */ = {
			isa = PBXVariantGroup;
			children = (
				43F2DFB028FDA08900763A02 /* Base */,
			);
			name = Main.storyboard;
			sourceTree = "<group>";
		};
		43F2DFB428FDA08900763A02 /* LaunchScreen.storyboard */ = {
			isa = PBXVariantGroup;
			children = (
				43F2DFB528FDA08900763A02 /* Base */,
			);
			name = LaunchScreen.storyboard;
			sourceTree = "<group>";
		};
/* End PBXVariantGroup section */

/* Begin XCBuildConfiguration section */
		43F2DFCE28FDA08900763A02 /* Debug */ = {
			isa = XCBuildConfiguration;
			buildSettings = {
				ALWAYS_SEARCH_USER_PATHS = NO;
				CLANG_ANALYZER_NONNULL = YES;
				CLANG_ANALYZER_NUMBER_OBJECT_CONVERSION = YES_AGGRESSIVE;
				CLANG_CXX_LANGUAGE_STANDARD = "gnu++17";
				CLANG_ENABLE_MODULES = YES;
				CLANG_ENABLE_OBJC_ARC = YES;
				CLANG_ENABLE_OBJC_WEAK = YES;
				CLANG_WARN_BLOCK_CAPTURE_AUTORELEASING = YES;
				CLANG_WARN_BOOL_CONVERSION = YES;
				CLANG_WARN_COMMA = YES;
				CLANG_WARN_CONSTANT_CONVERSION = YES;
				CLANG_WARN_DEPRECATED_OBJC_IMPLEMENTATIONS = YES;
				CLANG_WARN_DIRECT_OBJC_ISA_USAGE = YES_ERROR;
				CLANG_WARN_DOCUMENTATION_COMMENTS = YES;
				CLANG_WARN_EMPTY_BODY = YES;
				CLANG_WARN_ENUM_CONVERSION = YES;
				CLANG_WARN_INFINITE_RECURSION = YES;
				CLANG_WARN_INT_CONVERSION = YES;
				CLANG_WARN_NON_LITERAL_NULL_CONVERSION = YES;
				CLANG_WARN_OBJC_IMPLICIT_RETAIN_SELF = YES;
				CLANG_WARN_OBJC_LITERAL_CONVERSION = YES;
				CLANG_WARN_OBJC_ROOT_CLASS = YES_ERROR;
				CLANG_WARN_QUOTED_INCLUDE_IN_FRAMEWORK_HEADER = YES;
				CLANG_WARN_RANGE_LOOP_ANALYSIS = YES;
				CLANG_WARN_STRICT_PROTOTYPES = YES;
				CLANG_WARN_SUSPICIOUS_MOVE = YES;
				CLANG_WARN_UNGUARDED_AVAILABILITY = YES_AGGRESSIVE;
				CLANG_WARN_UNREACHABLE_CODE = YES;
				CLANG_WARN__DUPLICATE_METHOD_MATCH = YES;
				COPY_PHASE_STRIP = NO;
				DEBUG_INFORMATION_FORMAT = dwarf;
				ENABLE_STRICT_OBJC_MSGSEND = YES;
				ENABLE_TESTABILITY = YES;
				GCC_C_LANGUAGE_STANDARD = gnu11;
				GCC_DYNAMIC_NO_PIC = NO;
				GCC_NO_COMMON_BLOCKS = YES;
				GCC_OPTIMIZATION_LEVEL = 0;
				GCC_PREPROCESSOR_DEFINITIONS = (
					"DEBUG=1",
					"$(inherited)",
				);
				GCC_WARN_64_TO_32_BIT_CONVERSION = YES;
				GCC_WARN_ABOUT_RETURN_TYPE = YES_ERROR;
				GCC_WARN_UNDECLARED_SELECTOR = YES;
				GCC_WARN_UNINITIALIZED_AUTOS = YES_AGGRESSIVE;
				GCC_WARN_UNUSED_FUNCTION = YES;
				GCC_WARN_UNUSED_VARIABLE = YES;
				IPHONEOS_DEPLOYMENT_TARGET = 15.5;
				MTL_ENABLE_DEBUG_INFO = INCLUDE_SOURCE;
				MTL_FAST_MATH = YES;
				ONLY_ACTIVE_ARCH = YES;
				SDKROOT = iphoneos;
				SWIFT_ACTIVE_COMPILATION_CONDITIONS = DEBUG;
				SWIFT_OPTIMIZATION_LEVEL = "-Onone";
			};
			name = Debug;
		};
		43F2DFCF28FDA08900763A02 /* Release */ = {
			isa = XCBuildConfiguration;
			buildSettings = {
				ALWAYS_SEARCH_USER_PATHS = NO;
				CLANG_ANALYZER_NONNULL = YES;
				CLANG_ANALYZER_NUMBER_OBJECT_CONVERSION = YES_AGGRESSIVE;
				CLANG_CXX_LANGUAGE_STANDARD = "gnu++17";
				CLANG_ENABLE_MODULES = YES;
				CLANG_ENABLE_OBJC_ARC = YES;
				CLANG_ENABLE_OBJC_WEAK = YES;
				CLANG_WARN_BLOCK_CAPTURE_AUTORELEASING = YES;
				CLANG_WARN_BOOL_CONVERSION = YES;
				CLANG_WARN_COMMA = YES;
				CLANG_WARN_CONSTANT_CONVERSION = YES;
				CLANG_WARN_DEPRECATED_OBJC_IMPLEMENTATIONS = YES;
				CLANG_WARN_DIRECT_OBJC_ISA_USAGE = YES_ERROR;
				CLANG_WARN_DOCUMENTATION_COMMENTS = YES;
				CLANG_WARN_EMPTY_BODY = YES;
				CLANG_WARN_ENUM_CONVERSION = YES;
				CLANG_WARN_INFINITE_RECURSION = YES;
				CLANG_WARN_INT_CONVERSION = YES;
				CLANG_WARN_NON_LITERAL_NULL_CONVERSION = YES;
				CLANG_WARN_OBJC_IMPLICIT_RETAIN_SELF = YES;
				CLANG_WARN_OBJC_LITERAL_CONVERSION = YES;
				CLANG_WARN_OBJC_ROOT_CLASS = YES_ERROR;
				CLANG_WARN_QUOTED_INCLUDE_IN_FRAMEWORK_HEADER = YES;
				CLANG_WARN_RANGE_LOOP_ANALYSIS = YES;
				CLANG_WARN_STRICT_PROTOTYPES = YES;
				CLANG_WARN_SUSPICIOUS_MOVE = YES;
				CLANG_WARN_UNGUARDED_AVAILABILITY = YES_AGGRESSIVE;
				CLANG_WARN_UNREACHABLE_CODE = YES;
				CLANG_WARN__DUPLICATE_METHOD_MATCH = YES;
				COPY_PHASE_STRIP = NO;
				DEBUG_INFORMATION_FORMAT = "dwarf-with-dsym";
				ENABLE_NS_ASSERTIONS = NO;
				ENABLE_STRICT_OBJC_MSGSEND = YES;
				GCC_C_LANGUAGE_STANDARD = gnu11;
				GCC_NO_COMMON_BLOCKS = YES;
				GCC_WARN_64_TO_32_BIT_CONVERSION = YES;
				GCC_WARN_ABOUT_RETURN_TYPE = YES_ERROR;
				GCC_WARN_UNDECLARED_SELECTOR = YES;
				GCC_WARN_UNINITIALIZED_AUTOS = YES_AGGRESSIVE;
				GCC_WARN_UNUSED_FUNCTION = YES;
				GCC_WARN_UNUSED_VARIABLE = YES;
				IPHONEOS_DEPLOYMENT_TARGET = 15.5;
				MTL_ENABLE_DEBUG_INFO = NO;
				MTL_FAST_MATH = YES;
				SDKROOT = iphoneos;
				SWIFT_COMPILATION_MODE = wholemodule;
				SWIFT_OPTIMIZATION_LEVEL = "-O";
				VALIDATE_PRODUCT = YES;
			};
			name = Release;
		};
		43F2DFD128FDA08900763A02 /* Debug */ = {
			isa = XCBuildConfiguration;
			buildSettings = {
				ASSETCATALOG_COMPILER_APPICON_NAME = AppIcon;
				ASSETCATALOG_COMPILER_GLOBAL_ACCENT_COLOR_NAME = AccentColor;
				CODE_SIGN_STYLE = Automatic;
				CURRENT_PROJECT_VERSION = 1;
				DEVELOPMENT_TEAM = 7YD6DJ684M;
				GENERATE_INFOPLIST_FILE = YES;
				INFOPLIST_FILE = "GCHS For Students APP/Info.plist";
				INFOPLIST_KEY_UIApplicationSupportsIndirectInputEvents = YES;
				INFOPLIST_KEY_UILaunchStoryboardName = LaunchScreen;
				INFOPLIST_KEY_UIMainStoryboardFile = Main;
				INFOPLIST_KEY_UISupportedInterfaceOrientations_iPad = "UIInterfaceOrientationPortrait UIInterfaceOrientationPortraitUpsideDown UIInterfaceOrientationLandscapeLeft UIInterfaceOrientationLandscapeRight";
				INFOPLIST_KEY_UISupportedInterfaceOrientations_iPhone = "UIInterfaceOrientationPortrait UIInterfaceOrientationLandscapeLeft UIInterfaceOrientationLandscapeRight";
				LD_RUNPATH_SEARCH_PATHS = (
					"$(inherited)",
					"@executable_path/Frameworks",
				);
				MARKETING_VERSION = 1.0;
				PRODUCT_BUNDLE_IDENTIFIER = "org.d127.230354.GCHS-For-Students-APP";
				PRODUCT_NAME = "$(TARGET_NAME)";
				SWIFT_EMIT_LOC_STRINGS = YES;
				SWIFT_VERSION = 5.0;
				TARGETED_DEVICE_FAMILY = "1,2";
			};
			name = Debug;
		};
		43F2DFD228FDA08900763A02 /* Release */ = {
			isa = XCBuildConfiguration;
			buildSettings = {
				ASSETCATALOG_COMPILER_APPICON_NAME = AppIcon;
				ASSETCATALOG_COMPILER_GLOBAL_ACCENT_COLOR_NAME = AccentColor;
				CODE_SIGN_STYLE = Automatic;
				CURRENT_PROJECT_VERSION = 1;
				DEVELOPMENT_TEAM = 7YD6DJ684M;
				GENERATE_INFOPLIST_FILE = YES;
				INFOPLIST_FILE = "GCHS For Students APP/Info.plist";
				INFOPLIST_KEY_UIApplicationSupportsIndirectInputEvents = YES;
				INFOPLIST_KEY_UILaunchStoryboardName = LaunchScreen;
				INFOPLIST_KEY_UIMainStoryboardFile = Main;
				INFOPLIST_KEY_UISupportedInterfaceOrientations_iPad = "UIInterfaceOrientationPortrait UIInterfaceOrientationPortraitUpsideDown UIInterfaceOrientationLandscapeLeft UIInterfaceOrientationLandscapeRight";
				INFOPLIST_KEY_UISupportedInterfaceOrientations_iPhone = "UIInterfaceOrientationPortrait UIInterfaceOrientationLandscapeLeft UIInterfaceOrientationLandscapeRight";
				LD_RUNPATH_SEARCH_PATHS = (
					"$(inherited)",
					"@executable_path/Frameworks",
				);
				MARKETING_VERSION = 1.0;
				PRODUCT_BUNDLE_IDENTIFIER = "org.d127.230354.GCHS-For-Students-APP";
				PRODUCT_NAME = "$(TARGET_NAME)";
				SWIFT_EMIT_LOC_STRINGS = YES;
				SWIFT_VERSION = 5.0;
				TARGETED_DEVICE_FAMILY = "1,2";
			};
			name = Release;
		};
		43F2DFD428FDA08900763A02 /* Debug */ = {
			isa = XCBuildConfiguration;
			buildSettings = {
				ALWAYS_EMBED_SWIFT_STANDARD_LIBRARIES = YES;
				BUNDLE_LOADER = "$(TEST_HOST)";
				CODE_SIGN_STYLE = Automatic;
				CURRENT_PROJECT_VERSION = 1;
				DEVELOPMENT_TEAM = 7YD6DJ684M;
				GENERATE_INFOPLIST_FILE = YES;
				IPHONEOS_DEPLOYMENT_TARGET = 15.5;
				MARKETING_VERSION = 1.0;
				PRODUCT_BUNDLE_IDENTIFIER = "org.d127.230354.GCHS-For-Students-APPTests";
				PRODUCT_NAME = "$(TARGET_NAME)";
				SWIFT_EMIT_LOC_STRINGS = NO;
				SWIFT_VERSION = 5.0;
				TARGETED_DEVICE_FAMILY = "1,2";
				TEST_HOST = "$(BUILT_PRODUCTS_DIR)/GCHS For Students APP.app/GCHS For Students APP";
			};
			name = Debug;
		};
		43F2DFD528FDA08900763A02 /* Release */ = {
			isa = XCBuildConfiguration;
			buildSettings = {
				ALWAYS_EMBED_SWIFT_STANDARD_LIBRARIES = YES;
				BUNDLE_LOADER = "$(TEST_HOST)";
				CODE_SIGN_STYLE = Automatic;
				CURRENT_PROJECT_VERSION = 1;
				DEVELOPMENT_TEAM = 7YD6DJ684M;
				GENERATE_INFOPLIST_FILE = YES;
				IPHONEOS_DEPLOYMENT_TARGET = 15.5;
				MARKETING_VERSION = 1.0;
				PRODUCT_BUNDLE_IDENTIFIER = "org.d127.230354.GCHS-For-Students-APPTests";
				PRODUCT_NAME = "$(TARGET_NAME)";
				SWIFT_EMIT_LOC_STRINGS = NO;
				SWIFT_VERSION = 5.0;
				TARGETED_DEVICE_FAMILY = "1,2";
				TEST_HOST = "$(BUILT_PRODUCTS_DIR)/GCHS For Students APP.app/GCHS For Students APP";
			};
			name = Release;
		};
		43F2DFD728FDA08900763A02 /* Debug */ = {
			isa = XCBuildConfiguration;
			buildSettings = {
				ALWAYS_EMBED_SWIFT_STANDARD_LIBRARIES = YES;
				CODE_SIGN_STYLE = Automatic;
				CURRENT_PROJECT_VERSION = 1;
				DEVELOPMENT_TEAM = 7YD6DJ684M;
				GENERATE_INFOPLIST_FILE = YES;
				MARKETING_VERSION = 1.0;
				PRODUCT_BUNDLE_IDENTIFIER = "org.d127.230354.GCHS-For-Students-APPUITests";
				PRODUCT_NAME = "$(TARGET_NAME)";
				SWIFT_EMIT_LOC_STRINGS = NO;
				SWIFT_VERSION = 5.0;
				TARGETED_DEVICE_FAMILY = "1,2";
				TEST_TARGET_NAME = "GCHS For Students APP";
			};
			name = Debug;
		};
		43F2DFD828FDA08900763A02 /* Release */ = {
			isa = XCBuildConfiguration;
			buildSettings = {
				ALWAYS_EMBED_SWIFT_STANDARD_LIBRARIES = YES;
				CODE_SIGN_STYLE = Automatic;
				CURRENT_PROJECT_VERSION = 1;
				DEVELOPMENT_TEAM = 7YD6DJ684M;
				GENERATE_INFOPLIST_FILE = YES;
				MARKETING_VERSION = 1.0;
				PRODUCT_BUNDLE_IDENTIFIER = "org.d127.230354.GCHS-For-Students-APPUITests";
				PRODUCT_NAME = "$(TARGET_NAME)";
				SWIFT_EMIT_LOC_STRINGS = NO;
				SWIFT_VERSION = 5.0;
				TARGETED_DEVICE_FAMILY = "1,2";
				TEST_TARGET_NAME = "GCHS For Students APP";
			};
			name = Release;
		};
/* End XCBuildConfiguration section */

/* Begin XCConfigurationList section */
		43F2DFA128FDA08900763A02 /* Build configuration list for PBXProject "GCHS For Students APP" */ = {
			isa = XCConfigurationList;
			buildConfigurations = (
				43F2DFCE28FDA08900763A02 /* Debug */,
				43F2DFCF28FDA08900763A02 /* Release */,
			);
			defaultConfigurationIsVisible = 0;
			defaultConfigurationName = Release;
		};
		43F2DFD028FDA08900763A02 /* Build configuration list for PBXNativeTarget "GCHS For Students APP" */ = {
			isa = XCConfigurationList;
			buildConfigurations = (
				43F2DFD128FDA08900763A02 /* Debug */,
				43F2DFD228FDA08900763A02 /* Release */,
			);
			defaultConfigurationIsVisible = 0;
			defaultConfigurationName = Release;
		};
		43F2DFD328FDA08900763A02 /* Build configuration list for PBXNativeTarget "GCHS For Students APPTests" */ = {
			isa = XCConfigurationList;
			buildConfigurations = (
				43F2DFD428FDA08900763A02 /* Debug */,
				43F2DFD528FDA08900763A02 /* Release */,
			);
			defaultConfigurationIsVisible = 0;
			defaultConfigurationName = Release;
		};
		43F2DFD628FDA08900763A02 /* Build configuration list for PBXNativeTarget "GCHS For Students APPUITests" */ = {
			isa = XCConfigurationList;
			buildConfigurations = (
				43F2DFD728FDA08900763A02 /* Debug */,
				43F2DFD828FDA08900763A02 /* Release */,
			);
			defaultConfigurationIsVisible = 0;
			defaultConfigurationName = Release;
		};
/* End XCConfigurationList section */
	};
	rootObject = 43F2DF9E28FDA08900763A02 /* Project object */;
}
